PODS:
  - Cheers (2.3.0)
  - M13Checkbox (3.4.0)
  - Realm (10.5.1):
    - Realm/Headers (= 10.5.1)
  - Realm/Headers (10.5.1)
  - RealmSwift (10.5.1):
    - Realm (= 10.5.1)
  - SwipeCellKit (2.7.1)

DEPENDENCIES:
  - Cheers
  - M13Checkbox
  - RealmSwift
  - SwipeCellKit

SPEC REPOS:
  trunk:
    - Cheers
    - M13Checkbox
    - Realm
    - RealmSwift
    - SwipeCellKit

SPEC CHECKSUMS:
  Cheers: 7e42fc09e1ca5059870b979131136d17b50ccc9c
  M13Checkbox: 6f59404540ac98ba83a3d1afac335895a40c6a5d
  Realm: 77fcb4e0b9f2963ea06f584749a0d7dc9cab95e1
  RealmSwift: 6abe6aa6cd8b70cc1a87afcb9232cabea74ff1ac
  SwipeCellKit: 3972254a826da74609926daf59b08d6c72e619ea

PODFILE CHECKSUM: b94d68f1f5fb6f56dcc94dfbc489f9fe2e6be037

COCOAPODS: 1.10.1
